// !$*UTF8*$!
{
	archiveVersion = 1;
	classes = {
	};
	objectVersion = 77;
	objects = {

/* Begin PBXBuildFile section */
		1088A7E5086E6EB4870BB75F /* SettingsView.swift in Sources */ = {isa = PBXBuildFile; fileRef = 2C98C1B8BCECB73AE1776128 /* SettingsView.swift */; };
		1BC2C3ABE76EAB21D9856291 /* SyncService.swift in Sources */ = {isa = PBXBuildFile; fileRef = 50A8FAD2325F5CD9A6EC19EE /* SyncService.swift */; };
		1E48DE6EF5A6DE04DA8D07A5 /* ScoresView.swift in Sources */ = {isa = PBXBuildFile; fileRef = 2ECA7519E5B04A608AB31495 /* ScoresView.swift */; };
		6ACB457AECFC7677B0578BF9 /* DataStore.swift in Sources */ = {isa = PBXBuildFile; fileRef = 8B021DD8546B355AD6C94F9B /* DataStore.swift */; };
		8064D2BDA311CE6F02B8375C /* ScheduleView.swift in Sources */ = {isa = PBXBuildFile; fileRef = 3092A90BC8E0814C8DBEEF14 /* ScheduleView.swift */; };
		9304F603A310FF6F78233497 /* AppData.swift in Sources */ = {isa = PBXBuildFile; fileRef = 667437F4F2E373A37AC28191 /* AppData.swift */; };
		998AFA0C3DD8585ED4DA53F7 /* ContentView.swift in Sources */ = {isa = PBXBuildFile; fileRef = 8FF37A86FCDDD87C54DB42DA /* ContentView.swift */; };
		A9F9221A2D7A0774B1EC2109 /* CoursesView.swift in Sources */ = {isa = PBXBuildFile; fileRef = D86B82805F7094D4E1C7DB33 /* CoursesView.swift */; };
		E573360EC605AD3D990EDAC0 /* LexiQiOSApp.swift in Sources */ = {isa = PBXBuildFile; fileRef = C0B858FE7F2A2C0BF1540EE9 /* LexiQiOSApp.swift */; };
		E6C291233870910855A68136 /* SkillsView.swift in Sources */ = {isa = PBXBuildFile; fileRef = FEE8C7C7058F0C0043078FD0 /* SkillsView.swift */; };
/* End PBXBuildFile section */

/* Begin PBXFileReference section */
		2C98C1B8BCECB73AE1776128 /* SettingsView.swift */ = {isa = PBXFileReference; lastKnownFileType = sourcecode.swift; path = SettingsView.swift; sourceTree = "<group>"; };
		2ECA7519E5B04A608AB31495 /* ScoresView.swift */ = {isa = PBXFileReference; lastKnownFileType = sourcecode.swift; path = ScoresView.swift; sourceTree = "<group>"; };
		3092A90BC8E0814C8DBEEF14 /* ScheduleView.swift */ = {isa = PBXFileReference; lastKnownFileType = sourcecode.swift; path = ScheduleView.swift; sourceTree = "<group>"; };
		50A8FAD2325F5CD9A6EC19EE /* SyncService.swift */ = {isa = PBXFileReference; lastKnownFileType = sourcecode.swift; path = SyncService.swift; sourceTree = "<group>"; };
		667437F4F2E373A37AC28191 /* AppData.swift */ = {isa = PBXFileReference; lastKnownFileType = sourcecode.swift; path = AppData.swift; sourceTree = "<group>"; };
		72BC6D900BD92A3DDDB1243C /* LexiQiOS.app */ = {isa = PBXFileReference; includeInIndex = 0; lastKnownFileType = wrapper.application; path = LexiQiOS.app; sourceTree = BUILT_PRODUCTS_DIR; };
		8B021DD8546B355AD6C94F9B /* DataStore.swift */ = {isa = PBXFileReference; lastKnownFileType = sourcecode.swift; path = DataStore.swift; sourceTree = "<group>"; };
		8FF37A86FCDDD87C54DB42DA /* ContentView.swift */ = {isa = PBXFileReference; lastKnownFileType = sourcecode.swift; path = ContentView.swift; sourceTree = "<group>"; };
		C0B858FE7F2A2C0BF1540EE9 /* LexiQiOSApp.swift */ = {isa = PBXFileReference; lastKnownFileType = sourcecode.swift; path = LexiQiOSApp.swift; sourceTree = "<group>"; };
		D86B82805F7094D4E1C7DB33 /* CoursesView.swift */ = {isa = PBXFileReference; lastKnownFileType = sourcecode.swift; path = CoursesView.swift; sourceTree = "<group>"; };
		FEE8C7C7058F0C0043078FD0 /* SkillsView.swift */ = {isa = PBXFileReference; lastKnownFileType = sourcecode.swift; path = SkillsView.swift; sourceTree = "<group>"; };
/* End PBXFileReference section */

/* Begin PBXGroup section */
		29D9661FA5CA58596A3AC677 /* Pages */ = {
			isa = PBXGroup;
			children = (
				D86B82805F7094D4E1C7DB33 /* CoursesView.swift */,
				3092A90BC8E0814C8DBEEF14 /* ScheduleView.swift */,
				2ECA7519E5B04A608AB31495 /* ScoresView.swift */,
				2C98C1B8BCECB73AE1776128 /* SettingsView.swift */,
				FEE8C7C7058F0C0043078FD0 /* SkillsView.swift */,
			);
			path = Pages;
			sourceTree = "<group>";
		};
		3146FB2AE329B8284FA0E797 /* Models */ = {
			isa = PBXGroup;
			children = (
				667437F4F2E373A37AC28191 /* AppData.swift */,
			);
			path = Models;
			sourceTree = "<group>";
		};
		447FA8C38AA0C60407084D65 /* Services */ = {
			isa = PBXGroup;
			children = (
				8B021DD8546B355AD6C94F9B /* DataStore.swift */,
				50A8FAD2325F5CD9A6EC19EE /* SyncService.swift */,
			);
			path = Services;
			sourceTree = "<group>";
		};
		48D9DB5C71E59E7608C72AB1 /* Views */ = {
			isa = PBXGroup;
			children = (
				29D9661FA5CA58596A3AC677 /* Pages */,
			);
			path = Views;
			sourceTree = "<group>";
		};
		7EB30FAD45D4FBB5CF8A2C9E /* Products */ = {
			isa = PBXGroup;
			children = (
				72BC6D900BD92A3DDDB1243C /* LexiQiOS.app */,
			);
			name = Products;
			sourceTree = "<group>";
		};
		8A0C000809A25D9ED041A910 /* Sources */ = {
			isa = PBXGroup;
			children = (
				CE441E7DD81C869FC0A21CF7 /* App */,
				3146FB2AE329B8284FA0E797 /* Models */,
				447FA8C38AA0C60407084D65 /* Services */,
				48D9DB5C71E59E7608C72AB1 /* Views */,
			);
			path = Sources;
			sourceTree = "<group>";
		};
		B94EFDBDE4D5189F6D0D86E8 = {
			isa = PBXGroup;
			children = (
				8A0C000809A25D9ED041A910 /* Sources */,
				7EB30FAD45D4FBB5CF8A2C9E /* Products */,
			);
			sourceTree = "<group>";
		};
		CE441E7DD81C869FC0A21CF7 /* App */ = {
			isa = PBXGroup;
			children = (
				8FF37A86FCDDD87C54DB42DA /* ContentView.swift */,
				C0B858FE7F2A2C0BF1540EE9 /* LexiQiOSApp.swift */,
			);
			path = App;
			sourceTree = "<group>";
		};
/* End PBXGroup section */

/* Begin PBXNativeTarget section */
		3F1840B08F8F2A8881BA2301 /* LexiQiOS */ = {
			isa = PBXNativeTarget;
			buildConfigurationList = 994D2192C54D8D3933E7EE1D /* Build configuration list for PBXNativeTarget "LexiQiOS" */;
			buildPhases = (
				363DEA13C38DC9FCB0E7725B /* Sources */,
			);
			buildRules = (
			);
			dependencies = (
			);
			name = LexiQiOS;
			packageProductDependencies = (
			);
			productName = LexiQiOS;
			productReference = 72BC6D900BD92A3DDDB1243C /* LexiQiOS.app */;
			productType = "com.apple.product-type.application";
		};
/* End PBXNativeTarget section */

/* Begin PBXProject section */
		56309B5FE1BB60AD75D4369C /* Project object */ = {
			isa = PBXProject;
			attributes = {
				BuildIndependentTargetsInParallel = YES;
				LastUpgradeCheck = 1500;
				TargetAttributes = {
				};
			};
			buildConfigurationList = 8ABDD90E5C9F204EFE8B6624 /* Build configuration list for PBXProject "LexiQiOS" */;
			developmentRegion = en;
			hasScannedForEncodings = 0;
			knownRegions = (
				Base,
				en,
			);
			mainGroup = B94EFDBDE4D5189F6D0D86E8;
			minimizedProjectReferenceProxies = 1;
			preferredProjectObjectVersion = 77;
			productRefGroup = 7EB30FAD45D4FBB5CF8A2C9E /* Products */;
			projectDirPath = "";
			projectRoot = "";
			targets = (
				3F1840B08F8F2A8881BA2301 /* LexiQiOS */,
			);
		};
/* End PBXProject section */

/* Begin PBXSourcesBuildPhase section */
		363DEA13C38DC9FCB0E7725B /* Sources */ = {
			isa = PBXSourcesBuildPhase;
			buildActionMask = 2147483647;
			files = (
				9304F603A310FF6F78233497 /* AppData.swift in Sources */,
				998AFA0C3DD8585ED4DA53F7 /* ContentView.swift in Sources */,
				A9F9221A2D7A0774B1EC2109 /* CoursesView.swift in Sources */,
				6ACB457AECFC7677B0578BF9 /* DataStore.swift in Sources */,
				E573360EC605AD3D990EDAC0 /* LexiQiOSApp.swift in Sources */,
				8064D2BDA311CE6F02B8375C /* ScheduleView.swift in Sources */,
				1E48DE6EF5A6DE04DA8D07A5 /* ScoresView.swift in Sources */,
				1088A7E5086E6EB4870BB75F /* SettingsView.swift in Sources */,
				E6C291233870910855A68136 /* SkillsView.swift in Sources */,
				1BC2C3ABE76EAB21D9856291 /* SyncService.swift in Sources */,
			);
			runOnlyForDeploymentPostprocessing = 0;
		};
/* End PBXSourcesBuildPhase section */

/* Begin XCBuildConfiguration section */
		82095EC0FA6260EC4551D56A /* Debug */ = {
			isa = XCBuildConfiguration;
			buildSettings = {
				ALWAYS_SEARCH_USER_PATHS = NO;
				CLANG_ANALYZER_NONNULL = YES;
				CLANG_ANALYZER_NUMBER_OBJECT_CONVERSION = YES_AGGRESSIVE;
				CLANG_CXX_LANGUAGE_STANDARD = "gnu++14";
				CLANG_CXX_LIBRARY = "libc++";
				CLANG_ENABLE_MODULES = YES;
				CLANG_ENABLE_OBJC_ARC = YES;
				CLANG_ENABLE_OBJC_WEAK = YES;
				CLANG_WARN_BLOCK_CAPTURE_AUTORELEASING = YES;
				CLANG_WARN_BOOL_CONVERSION = YES;
				CLANG_WARN_COMMA = YES;
				CLANG_WARN_CONSTANT_CONVERSION = YES;
				CLANG_WARN_DEPRECATED_OBJC_IMPLEMENTATIONS = YES;
				CLANG_WARN_DIRECT_OBJC_ISA_USAGE = YES_ERROR;
				CLANG_WARN_DOCUMENTATION_COMMENTS = YES;
				CLANG_WARN_EMPTY_BODY = YES;
				CLANG_WARN_ENUM_CONVERSION = YES;
				CLANG_WARN_INFINITE_RECURSION = YES;
				CLANG_WARN_INT_CONVERSION = YES;
				CLANG_WARN_NON_LITERAL_NULL_CONVERSION = YES;
				CLANG_WARN_OBJC_IMPLICIT_RETAIN_SELF = YES;
				CLANG_WARN_OBJC_LITERAL_CONVERSION = YES;
				CLANG_WARN_OBJC_ROOT_CLASS = YES_ERROR;
				CLANG_WARN_QUOTED_INCLUDE_IN_FRAMEWORK_HEADER = YES;
				CLANG_WARN_RANGE_LOOP_ANALYSIS = YES;
				CLANG_WARN_STRICT_PROTOTYPES = YES;
				CLANG_WARN_SUSPICIOUS_MOVE = YES;
				CLANG_WARN_UNGUARDED_AVAILABILITY = YES_AGGRESSIVE;
				CLANG_WARN_UNREACHABLE_CODE = YES;
				CLANG_WARN__DUPLICATE_METHOD_MATCH = YES;
				COPY_PHASE_STRIP = NO;
				CURRENT_PROJECT_VERSION = 1;
				DEBUG_INFORMATION_FORMAT = dwarf;
				ENABLE_STRICT_OBJC_MSGSEND = YES;
				ENABLE_TESTABILITY = YES;
				GCC_C_LANGUAGE_STANDARD = gnu11;
				GCC_DYNAMIC_NO_PIC = NO;
				GCC_NO_COMMON_BLOCKS = YES;
				GCC_OPTIMIZATION_LEVEL = 0;
				GCC_PREPROCESSOR_DEFINITIONS = (
					"$(inherited)",
					"DEBUG=1",
				);
				GCC_WARN_64_TO_32_BIT_CONVERSION = YES;
				GCC_WARN_ABOUT_RETURN_TYPE = YES_ERROR;
				GCC_WARN_UNDECLARED_SELECTOR = YES;
				GCC_WARN_UNINITIALIZED_AUTOS = YES_AGGRESSIVE;
				GCC_WARN_UNUSED_FUNCTION = YES;
				GCC_WARN_UNUSED_VARIABLE = YES;
				GENERATE_INFOPLIST_FILE = YES;
				INFOPLIST_KEY_NSBonjourServices = _http._tcp;
				INFOPLIST_KEY_NSLocalNetworkUsageDescription = "LexiQ needs local network access to sync with your Mac";
				INFOPLIST_KEY_UIApplicationSceneManifest_Generation = YES;
				INFOPLIST_KEY_UIApplicationSupportsIndirectInputEvents = YES;
				INFOPLIST_KEY_UILaunchScreen_Generation = YES;
				INFOPLIST_KEY_UISupportedInterfaceOrientations_iPad = "UIInterfaceOrientationPortrait UIInterfaceOrientationPortraitUpsideDown UIInterfaceOrientationLandscapeLeft UIInterfaceOrientationLandscapeRight";
				INFOPLIST_KEY_UISupportedInterfaceOrientations_iPhone = "UIInterfaceOrientationPortrait UIInterfaceOrientationLandscapeLeft UIInterfaceOrientationLandscapeRight";
				IPHONEOS_DEPLOYMENT_TARGET = 17.0;
				MARKETING_VERSION = 0.1.0;
				MTL_ENABLE_DEBUG_INFO = INCLUDE_SOURCE;
				MTL_FAST_MATH = YES;
				ONLY_ACTIVE_ARCH = YES;
				PRODUCT_NAME = "$(TARGET_NAME)";
				SDKROOT = iphoneos;
				SWIFT_ACTIVE_COMPILATION_CONDITIONS = DEBUG;
				SWIFT_OPTIMIZATION_LEVEL = "-Onone";
				SWIFT_VERSION = 5.9;
			};
			name = Debug;
		};
		82153F616028FD2822B9DCFA /* Release */ = {
			isa = XCBuildConfiguration;
			buildSettings = {
				ALWAYS_SEARCH_USER_PATHS = NO;
				CLANG_ANALYZER_NONNULL = YES;
				CLANG_ANALYZER_NUMBER_OBJECT_CONVERSION = YES_AGGRESSIVE;
				CLANG_CXX_LANGUAGE_STANDARD = "gnu++14";
				CLANG_CXX_LIBRARY = "libc++";
				CLANG_ENABLE_MODULES = YES;
				CLANG_ENABLE_OBJC_ARC = YES;
				CLANG_ENABLE_OBJC_WEAK = YES;
				CLANG_WARN_BLOCK_CAPTURE_AUTORELEASING = YES;
				CLANG_WARN_BOOL_CONVERSION = YES;
				CLANG_WARN_COMMA = YES;
				CLANG_WARN_CONSTANT_CONVERSION = YES;
				CLANG_WARN_DEPRECATED_OBJC_IMPLEMENTATIONS = YES;
				CLANG_WARN_DIRECT_OBJC_ISA_USAGE = YES_ERROR;
				CLANG_WARN_DOCUMENTATION_COMMENTS = YES;
				CLANG_WARN_EMPTY_BODY = YES;
				CLANG_WARN_ENUM_CONVERSION = YES;
				CLANG_WARN_INFINITE_RECURSION = YES;
				CLANG_WARN_INT_CONVERSION = YES;
				CLANG_WARN_NON_LITERAL_NULL_CONVERSION = YES;
				CLANG_WARN_OBJC_IMPLICIT_RETAIN_SELF = YES;
				CLANG_WARN_OBJC_LITERAL_CONVERSION = YES;
				CLANG_WARN_OBJC_ROOT_CLASS = YES_ERROR;
				CLANG_WARN_QUOTED_INCLUDE_IN_FRAMEWORK_HEADER = YES;
				CLANG_WARN_RANGE_LOOP_ANALYSIS = YES;
				CLANG_WARN_STRICT_PROTOTYPES = YES;
				CLANG_WARN_SUSPICIOUS_MOVE = YES;
				CLANG_WARN_UNGUARDED_AVAILABILITY = YES_AGGRESSIVE;
				CLANG_WARN_UNREACHABLE_CODE = YES;
				CLANG_WARN__DUPLICATE_METHOD_MATCH = YES;
				COPY_PHASE_STRIP = NO;
				CURRENT_PROJECT_VERSION = 1;
				DEBUG_INFORMATION_FORMAT = "dwarf-with-dsym";
				ENABLE_NS_ASSERTIONS = NO;
				ENABLE_STRICT_OBJC_MSGSEND = YES;
				GCC_C_LANGUAGE_STANDARD = gnu11;
				GCC_NO_COMMON_BLOCKS = YES;
				GCC_WARN_64_TO_32_BIT_CONVERSION = YES;
				GCC_WARN_ABOUT_RETURN_TYPE = YES_ERROR;
				GCC_WARN_UNDECLARED_SELECTOR = YES;
				GCC_WARN_UNINITIALIZED_AUTOS = YES_AGGRESSIVE;
				GCC_WARN_UNUSED_FUNCTION = YES;
				GCC_WARN_UNUSED_VARIABLE = YES;
				GENERATE_INFOPLIST_FILE = YES;
				INFOPLIST_KEY_NSBonjourServices = _http._tcp;
				INFOPLIST_KEY_NSLocalNetworkUsageDescription = "LexiQ needs local network access to sync with your Mac";
				INFOPLIST_KEY_UIApplicationSceneManifest_Generation = YES;
				INFOPLIST_KEY_UIApplicationSupportsIndirectInputEvents = YES;
				INFOPLIST_KEY_UILaunchScreen_Generation = YES;
				INFOPLIST_KEY_UISupportedInterfaceOrientations_iPad = "UIInterfaceOrientationPortrait UIInterfaceOrientationPortraitUpsideDown UIInterfaceOrientationLandscapeLeft UIInterfaceOrientationLandscapeRight";
				INFOPLIST_KEY_UISupportedInterfaceOrientations_iPhone = "UIInterfaceOrientationPortrait UIInterfaceOrientationLandscapeLeft UIInterfaceOrientationLandscapeRight";
				IPHONEOS_DEPLOYMENT_TARGET = 17.0;
				MARKETING_VERSION = 0.1.0;
				MTL_ENABLE_DEBUG_INFO = NO;
				MTL_FAST_MATH = YES;
				PRODUCT_NAME = "$(TARGET_NAME)";
				SDKROOT = iphoneos;
				SWIFT_COMPILATION_MODE = wholemodule;
				SWIFT_OPTIMIZATION_LEVEL = "-O";
				SWIFT_VERSION = 5.9;
			};
			name = Release;
		};
		B7D4F5FE7513857ABB2A97E7 /* Debug */ = {
			isa = XCBuildConfiguration;
			buildSettings = {
				ASSETCATALOG_COMPILER_APPICON_NAME = AppIcon;
				CODE_SIGNING_ALLOWED = NO;
				CODE_SIGNING_REQUIRED = NO;
				CODE_SIGN_IDENTITY = "-";
				INFOPLIST_KEY_CFBundleDisplayName = LexiQ;
				IPHONEOS_DEPLOYMENT_TARGET = 17.0;
				LD_RUNPATH_SEARCH_PATHS = (
					"$(inherited)",
					"@executable_path/Frameworks",
				);
				PRODUCT_BUNDLE_IDENTIFIER = "com.l2s.lexiq-ios";
				SDKROOT = iphoneos;
				TARGETED_DEVICE_FAMILY = "1,2";
			};
			name = Debug;
		};
		EFEEB911457DAB36C189A30D /* Release */ = {
			isa = XCBuildConfiguration;
			buildSettings = {
				ASSETCATALOG_COMPILER_APPICON_NAME = AppIcon;
				CODE_SIGNING_ALLOWED = NO;
				CODE_SIGNING_REQUIRED = NO;
				CODE_SIGN_IDENTITY = "-";
				INFOPLIST_KEY_CFBundleDisplayName = LexiQ;
				IPHONEOS_DEPLOYMENT_TARGET = 17.0;
				LD_RUNPATH_SEARCH_PATHS = (
					"$(inherited)",
					"@executable_path/Frameworks",
				);
				PRODUCT_BUNDLE_IDENTIFIER = "com.l2s.lexiq-ios";
				SDKROOT = iphoneos;
				TARGETED_DEVICE_FAMILY = "1,2";
			};
			name = Release;
		};
/* End XCBuildConfiguration section */

/* Begin XCConfigurationList section */
		8ABDD90E5C9F204EFE8B6624 /* Build configuration list for PBXProject "LexiQiOS" */ = {
			isa = XCConfigurationList;
			buildConfigurations = (
				82095EC0FA6260EC4551D56A /* Debug */,
				82153F616028FD2822B9DCFA /* Release */,
			);
			defaultConfigurationIsVisible = 0;
			defaultConfigurationName = Debug;
		};
		994D2192C54D8D3933E7EE1D /* Build configuration list for PBXNativeTarget "LexiQiOS" */ = {
			isa = XCConfigurationList;
			buildConfigurations = (
				B7D4F5FE7513857ABB2A97E7 /* Debug */,
				EFEEB911457DAB36C189A30D /* Release */,
			);
			defaultConfigurationIsVisible = 0;
			defaultConfigurationName = Debug;
		};
/* End XCConfigurationList section */
	};
	rootObject = 56309B5FE1BB60AD75D4369C /* Project object */;
}
